# THIS IS AN AUTOGENERATED FILE. DO NOT EDIT THIS FILE DIRECTLY.
# yarn lockfile v1


"@remix-run/react@^2.17.3":
  version "2.17.3"
  resolved "https://registry.yarnpkg.com/@remix-run/react/-/react-2.17.3.tgz#8641ce8ae0d41109feb48d9af69895173a7a69f8"
  integrity sha512-Ns4YmtuRZpsgoUoq39K/lhPJ92/N2JkMBHIRPINNZ6/o9MiT7cN1qMwjGoqVfoCy6ZFCpMadsw4sPrwMGdkZiQ==
  dependencies:
    "@remix-run/router" "1.23.0"
    "@remix-run/server-runtime" "2.17.3"
    react-router "6.30.0"
    react-router-dom "6.30.0"
    turbo-stream "2.4.1"

"@remix-run/router@1.23.0":
  version "1.23.0"
  resolved "https://registry.yarnpkg.com/@remix-run/router/-/router-1.23.0.tgz#35390d0e7779626c026b11376da6789eb8389242"
  integrity sha512-O3rHJzAQKamUz1fvE0Qaw0xSFqsA/yafi2iqeE0pvdFtCO1viYx8QL6f3Ln/aCCTLxs68SLf0KPM9eSeM8yBnA==

"@remix-run/router@1.7.2":
  version "1.7.2"
  resolved "https://registry.yarnpkg.com/@remix-run/router/-/router-1.7.2.tgz#cba1cf0a04bc04cb66027c51fa600e9cbc388bc8"
  integrity sha512-7Lcn7IqGMV+vizMPoEl5F0XDshcdDYtMI6uJLQdQz5CfZAwy3vvGKYSUk789qndt5dEC4HfSjviSYlSoHGL2+A==

"@remix-run/server-runtime@2.17.3":
  version "2.17.3"
  resolved "https://registry.yarnpkg.com/@remix-run/server-runtime/-/server-runtime-2.17.3.tgz#3eb185669ee15d7c71928b640135bf544ddeea40"
  integrity sha512-8uuV0COprImDpyDB8Rx0VLDKxsttBsMjtdv9BFViz8WfJz79jr8YRfp27hXUs9P4/NU6+wQQYcJawkBj/5uuSg==
  dependencies:
    "@remix-run/router" "1.23.0"
    "@types/cookie" "^0.6.0"
    "@web3-storage/multipart-parser" "^1.0.0"
    cookie "^0.7.2"
    set-cookie-parser "^2.4.8"
    source-map "^0.7.3"
    turbo-stream "2.4.1"

"@remix-run/server-runtime@^1.19.3":
  version "1.19.3"
  resolved "https://registry.yarnpkg.com/@remix-run/server-runtime/-/server-runtime-1.19.3.tgz#206b55337c266c5bc254878f8ff3cd5677cc60fb"
  integrity sha512-KzQ+htUsKqpBgKE2tWo7kIIGy3MyHP58Io/itUPvV+weDjApwr9tQr9PZDPA3yAY6rAzLax7BU0NMSYCXWFY5A==
  dependencies:
    "@remix-run/router" "1.7.2"
    "@types/cookie" "^0.4.1"
    "@web3-storage/multipart-parser" "^1.0.0"
    cookie "^0.4.1"
    set-cookie-parser "^2.4.8"
    source-map "^0.7.3"

"@tanstack/query-core@^4.33.0":
  version "4.43.0"
  resolved "https://registry.yarnpkg.com/@tanstack/query-core/-/query-core-4.43.0.tgz#e72d9dbab4b1207efe740363b68375b4bdaff1c2"
  integrity sha512-m1QeUUIpNXDYxmfuuWNFZLky0EwVmbE0hj8ulZ2nIGA1183raJgDCn0IKlxug80NotRqzodxAaoYTKHbE1/P/Q==

"@types/cookie@^0.4.1":
  version "0.4.1"
  resolved "https://registry.yarnpkg.com/@types/cookie/-/cookie-0.4.1.tgz#bfd02c1f2224567676c1545199f87c3a861d878d"
  integrity sha512-XW/Aa8APYr6jSVVA1y/DEIZX0/GMKLEVekNG727R8cs56ahETkRAy/3DR7+fJyh7oUgGwNQaRfXCun0+KbWY7Q==

"@types/cookie@^0.6.0":
  version "0.6.0"
  resolved "https://registry.yarnpkg.com/@types/cookie/-/cookie-0.6.0.tgz#eac397f28bf1d6ae0ae081363eca2f425bedf0d5"
  integrity sha512-4Kh9a6B2bQciAhf7FSuMRRkUWecJgJu9nPnx3yzpsfXX/c50REIqpHY4C82bXP90qrLtXtkDxTZosYO3UpOwlA==

"@types/prop-types@*":
  version "15.7.15"
  resolved "https://registry.yarnpkg.com/@types/prop-types/-/prop-types-15.7.15.tgz#e6e5a86d602beaca71ce5163fadf5f95d70931c7"
  integrity sha512-F6bEyamV9jKGAFBEmlQnesRPGOQqS2+Uwi0Em15xenOxHaf2hv6L8YCVn3rPdPJOiJfPiCnLIRyvwVaqMY3MIw==

"@types/react@^18.2.21":
  version "18.3.27"
  resolved "https://registry.yarnpkg.com/@types/react/-/react-18.3.27.tgz#74a3b590ea183983dc65a474dc17553ae1415c34"
  integrity sha512-cisd7gxkzjBKU2GgdYrTdtQx1SORymWyaAFhaxQPK9bYO9ot3Y5OikQRvY0VYQtvwjeQnizCINJAenh/V7MK2w==
  dependencies:
    "@types/prop-types" "*"
    csstype "^3.2.2"

"@web3-storage/multipart-parser@^1.0.0":
  version "1.0.0"
  resolved "https://registry.yarnpkg.com/@web3-storage/multipart-parser/-/multipart-parser-1.0.0.tgz#6b69dc2a32a5b207ba43e556c25cc136a56659c4"
  integrity sha512-BEO6al7BYqcnfX15W2cnGR+Q566ACXAT9UQykORCWW80lmkpWsnEob6zJS1ZVBKsSJC8+7vJkHwlp+lXG1UCdw==

cookie@^0.4.1:
  version "0.4.2"
  resolved "https://registry.yarnpkg.com/cookie/-/cookie-0.4.2.tgz#0e41f24de5ecf317947c82fc789e06a884824432"
  integrity sha512-aSWTXFzaKWkvHO1Ny/s+ePFpvKsPnjc551iI41v3ny/ow6tBG5Vd+FuqGNhh1LxOmVzOlGUriIlOaokOvhaStA==

cookie@^0.7.2:
  version "0.7.2"
  resolved "https://registry.yarnpkg.com/cookie/-/cookie-0.7.2.tgz#556369c472a2ba910f2979891b526b3436237ed7"
  integrity sha512-yki5XnKuf750l50uGTllt6kKILY4nQ1eNIQatoXEByZ5dWgnKqbnqmTrBE5B4N7lrMJKQ2ytWMiTO2o0v6Ew/w==

csstype@^3.2.2:
  version "3.2.3"
  resolved "https://registry.yarnpkg.com/csstype/-/csstype-3.2.3.tgz#ec48c0f3e993e50648c86da559e2610995cf989a"
  integrity sha512-z1HGKcYy2xA8AGQfwrn0PAy+PB7X/GSj3UVJW9qKyn43xWa+gl5nXmU4qqLMRzWVLFC8KusUX8T/0kCiOYpAIQ==

deepmerge@^4.3.1:
  version "4.3.1"
  resolved "https://registry.yarnpkg.com/deepmerge/-/deepmerge-4.3.1.tgz#44b5f2147cd3b00d4b56137685966f26fd25dd4a"
  integrity sha512-3sUqbMEc77XqpdNO7FRyRog+eW3ph+GYCbj+rK+uYyRMuwsVy0rMiVtPn+QJlKFvWP/1PYpapqYn0Me2knFn+A==

react-router-dom@6.30.0:
  version "6.30.0"
  resolved "https://registry.yarnpkg.com/react-router-dom/-/react-router-dom-6.30.0.tgz#a64774104508bff56b1affc2796daa3f7e76b7df"
  integrity sha512-x30B78HV5tFk8ex0ITwzC9TTZMua4jGyA9IUlH1JLQYQTFyxr/ZxwOJq7evg1JX1qGVUcvhsmQSKdPncQrjTgA==
  dependencies:
    "@remix-run/router" "1.23.0"
    react-router "6.30.0"

react-router@6.30.0:
  version "6.30.0"
  resolved "https://registry.yarnpkg.com/react-router/-/react-router-6.30.0.tgz#9789d775e63bc0df60f39ced77c8c41f1e01ff90"
  integrity sha512-D3X8FyH9nBcTSHGdEKurK7r8OYE1kKFn3d/CF+CoxbSHkxU7o37+Uh7eAHRXr6k2tSExXYO++07PeXJtA/dEhQ==
  dependencies:
    "@remix-run/router" "1.23.0"

set-cookie-parser@^2.4.8:
  version "2.7.2"
  resolved "https://registry.yarnpkg.com/set-cookie-parser/-/set-cookie-parser-2.7.2.tgz#ccd08673a9ae5d2e44ea2a2de25089e67c7edf68"
  integrity sha512-oeM1lpU/UvhTxw+g3cIfxXHyJRc/uidd3yK1P242gzHds0udQBYzs3y8j4gCCW+ZJ7ad0yctld8RYO+bdurlvw==

source-map@^0.7.3:
  version "0.7.6"
  resolved "https://registry.yarnpkg.com/source-map/-/source-map-0.7.6.tgz#a3658ab87e5b6429c8a1f3ba0083d4c61ca3ef02"
  integrity sha512-i5uvt8C3ikiWeNZSVZNWcfZPItFQOsYTUAOkcUPGd8DqDy1uOUikjt5dG+uRlwyvR108Fb9DOd4GvXfT0N2/uQ==

turbo-stream@2.4.1:
  version "2.4.1"
  resolved "https://registry.yarnpkg.com/turbo-stream/-/turbo-stream-2.4.1.tgz#c1a64397724084c09b0f6ea4a2c528d3f67931f9"
  integrity sha512-v8kOJXpG3WoTN/+at8vK7erSzo6nW6CIaeOvNOkHQVDajfz1ZVeSxCbc6tOH4hrGZW7VUCV0TOXd8CPzYnYkrw==

typescript@^5.2.2:
  version "5.9.3"
  resolved "https://registry.yarnpkg.com/typescript/-/typescript-5.9.3.tgz#5b4f59e15310ab17a216f5d6cf53ee476ede670f"
  integrity sha512-jl1vZzPDinLr9eUt3J/t7V6FgNEw9QjvBPdysz9KfQDD41fQrC2Y4vKQdiaUpFT4bXlb1RHhLpp8wtm6M5TgSw==
